// !$*UTF8*$!
{
	archiveVersion = 1;
	classes = {
	};
	objectVersion = 56;
	objects = {

/* Begin PBXBuildFile section */
		D3931B162AD32EFE00148AFE /* ViewModelTests.swift in Sources */ = {isa = PBXBuildFile; fileRef = D3931B152AD32EFE00148AFE /* ViewModelTests.swift */; };
		D3931B1B2AD414A200148AFE /* ColorTheme.swift in Sources */ = {isa = PBXBuildFile; fileRef = D3931B182AD414A200148AFE /* ColorTheme.swift */; };
		D3931B1C2AD414A200148AFE /* Dimensions.swift in Sources */ = {isa = PBXBuildFile; fileRef = D3931B192AD414A200148AFE /* Dimensions.swift */; };
		D3931B1D2AD414A200148AFE /* Fonts.swift in Sources */ = {isa = PBXBuildFile; fileRef = D3931B1A2AD414A200148AFE /* Fonts.swift */; };
		D3931B202AD4186800148AFE /* ColorThemeManager.swift in Sources */ = {isa = PBXBuildFile; fileRef = D3931B1F2AD4186800148AFE /* ColorThemeManager.swift */; };
		D3931B2E2AD41A5300148AFE /* Roboto-Light.ttf in Resources */ = {isa = PBXBuildFile; fileRef = D3931B222AD41A5300148AFE /* Roboto-Light.ttf */; };
		D3931B2F2AD41A5300148AFE /* Roboto-LightItalic.ttf in Resources */ = {isa = PBXBuildFile; fileRef = D3931B232AD41A5300148AFE /* Roboto-LightItalic.ttf */; };
		D3931B302AD41A5300148AFE /* Roboto-Regular.ttf in Resources */ = {isa = PBXBuildFile; fileRef = D3931B242AD41A5300148AFE /* Roboto-Regular.ttf */; };
		D3931B312AD41A5300148AFE /* Roboto-ThinItalic.ttf in Resources */ = {isa = PBXBuildFile; fileRef = D3931B252AD41A5300148AFE /* Roboto-ThinItalic.ttf */; };
		D3931B322AD41A5300148AFE /* Roboto-Bold.ttf in Resources */ = {isa = PBXBuildFile; fileRef = D3931B262AD41A5300148AFE /* Roboto-Bold.ttf */; };
		D3931B332AD41A5300148AFE /* Roboto-Italic.ttf in Resources */ = {isa = PBXBuildFile; fileRef = D3931B272AD41A5300148AFE /* Roboto-Italic.ttf */; };
		D3931B342AD41A5300148AFE /* Roboto-BlackItalic.ttf in Resources */ = {isa = PBXBuildFile; fileRef = D3931B282AD41A5300148AFE /* Roboto-BlackItalic.ttf */; };
		D3931B352AD41A5300148AFE /* Roboto-Thin.ttf in Resources */ = {isa = PBXBuildFile; fileRef = D3931B292AD41A5300148AFE /* Roboto-Thin.ttf */; };
		D3931B362AD41A5300148AFE /* Roboto-Black.ttf in Resources */ = {isa = PBXBuildFile; fileRef = D3931B2A2AD41A5300148AFE /* Roboto-Black.ttf */; };
		D3931B372AD41A5300148AFE /* Roboto-Medium.ttf in Resources */ = {isa = PBXBuildFile; fileRef = D3931B2B2AD41A5300148AFE /* Roboto-Medium.ttf */; };
		D3931B382AD41A5300148AFE /* Roboto-MediumItalic.ttf in Resources */ = {isa = PBXBuildFile; fileRef = D3931B2C2AD41A5300148AFE /* Roboto-MediumItalic.ttf */; };
		D3931B392AD41A5300148AFE /* Roboto-BoldItalic.ttf in Resources */ = {isa = PBXBuildFile; fileRef = D3931B2D2AD41A5300148AFE /* Roboto-BoldItalic.ttf */; };
		D3931B3B2AD41A8800148AFE /* LICENSE.txt in Resources */ = {isa = PBXBuildFile; fileRef = D3931B3A2AD41A8800148AFE /* LICENSE.txt */; };
		D3931B3E2AD41E3700148AFE /* ColorThemeManagerTests.swift in Sources */ = {isa = PBXBuildFile; fileRef = D3931B3D2AD41E3700148AFE /* ColorThemeManagerTests.swift */; };
		D3931B402AD4246000148AFE /* ToggleManager.swift in Sources */ = {isa = PBXBuildFile; fileRef = D3931B3F2AD4246000148AFE /* ToggleManager.swift */; };
		D3931B432AD43DE300148AFE /* FontsTests.swift in Sources */ = {isa = PBXBuildFile; fileRef = D3931B422AD43DE300148AFE /* FontsTests.swift */; };
		D3931B462AD574B700148AFE /* DisplayView.swift in Sources */ = {isa = PBXBuildFile; fileRef = D3931B452AD574B700148AFE /* DisplayView.swift */; };
		D3931B482AD5B70400148AFE /* KeyboardView.swift in Sources */ = {isa = PBXBuildFile; fileRef = D3931B472AD5B70400148AFE /* KeyboardView.swift */; };
		D3931B4A2AD5B7A500148AFE /* DigitsView.swift in Sources */ = {isa = PBXBuildFile; fileRef = D3931B492AD5B7A500148AFE /* DigitsView.swift */; };
		D3931B4D2AD6273500148AFE /* Orientation.swift in Sources */ = {isa = PBXBuildFile; fileRef = D3931B4C2AD6273500148AFE /* Orientation.swift */; };
		D3954A302AD8327900C6B574 /* CalculatorModel.swift in Sources */ = {isa = PBXBuildFile; fileRef = D3954A2F2AD8327900C6B574 /* CalculatorModel.swift */; };
		D3954A362ADAFA9400C6B574 /* Keyboard.swift in Sources */ = {isa = PBXBuildFile; fileRef = D3954A352ADAFA9400C6B574 /* Keyboard.swift */; };
		D3954A382ADB5E4700C6B574 /* SettingsView.swift in Sources */ = {isa = PBXBuildFile; fileRef = D3954A372ADB5E4700C6B574 /* SettingsView.swift */; };
		D3DBB4612ADDEDF6003C1FE9 /* ApiClient.swift in Sources */ = {isa = PBXBuildFile; fileRef = D3DBB4602ADDEDF6003C1FE9 /* ApiClient.swift */; };
		D3DBB4642ADDF6F4003C1FE9 /* BitcoinViewModel.swift in Sources */ = {isa = PBXBuildFile; fileRef = D3DBB4632ADDF6F4003C1FE9 /* BitcoinViewModel.swift */; };
		D3DBB4662ADDF8EB003C1FE9 /* BitcoinView.swift in Sources */ = {isa = PBXBuildFile; fileRef = D3DBB4652ADDF8EB003C1FE9 /* BitcoinView.swift */; };
		D3E5EFEF2ACF74EA00FB2756 /* ios_calculatorApp.swift in Sources */ = {isa = PBXBuildFile; fileRef = D3E5EFEE2ACF74EA00FB2756 /* ios_calculatorApp.swift */; };
		D3E5EFF32ACF74EB00FB2756 /* Assets.xcassets in Resources */ = {isa = PBXBuildFile; fileRef = D3E5EFF22ACF74EB00FB2756 /* Assets.xcassets */; };
		D3E5EFF72ACF74EB00FB2756 /* Preview Assets.xcassets in Resources */ = {isa = PBXBuildFile; fileRef = D3E5EFF62ACF74EB00FB2756 /* Preview Assets.xcassets */; };
		D3E5F0012ACF74EB00FB2756 /* ios_calculatorTests.swift in Sources */ = {isa = PBXBuildFile; fileRef = D3E5F0002ACF74EB00FB2756 /* ios_calculatorTests.swift */; };
		D3E5F00B2ACF74EB00FB2756 /* ios_calculatorUITests.swift in Sources */ = {isa = PBXBuildFile; fileRef = D3E5F00A2ACF74EB00FB2756 /* ios_calculatorUITests.swift */; };
		D3E5F00D2ACF74EB00FB2756 /* ios_calculatorUITestsLaunchTests.swift in Sources */ = {isa = PBXBuildFile; fileRef = D3E5F00C2ACF74EB00FB2756 /* ios_calculatorUITestsLaunchTests.swift */; };
		D3E5F01C2ACF809E00FB2756 /* CalculatorViewModel.swift in Sources */ = {isa = PBXBuildFile; fileRef = D3E5F01B2ACF809E00FB2756 /* CalculatorViewModel.swift */; };
		D3E5F0202ACF856000FB2756 /* CalculatorView.swift in Sources */ = {isa = PBXBuildFile; fileRef = D3E5F01F2ACF856000FB2756 /* CalculatorView.swift */; };
/* End PBXBuildFile section */

/* Begin PBXContainerItemProxy section */
		D3E5EFFD2ACF74EB00FB2756 /* PBXContainerItemProxy */ = {
			isa = PBXContainerItemProxy;
			containerPortal = D3E5EFE32ACF74EA00FB2756 /* Project object */;
			proxyType = 1;
			remoteGlobalIDString = D3E5EFEA2ACF74EA00FB2756;
			remoteInfo = ios_calculator;
		};
		D3E5F0072ACF74EB00FB2756 /* PBXContainerItemProxy */ = {
			isa = PBXContainerItemProxy;
			containerPortal = D3E5EFE32ACF74EA00FB2756 /* Project object */;
			proxyType = 1;
			remoteGlobalIDString = D3E5EFEA2ACF74EA00FB2756;
			remoteInfo = ios_calculator;
		};
/* End PBXContainerItemProxy section */

/* Begin PBXFileReference section */
		D3931B152AD32EFE00148AFE /* ViewModelTests.swift */ = {isa = PBXFileReference; lastKnownFileType = sourcecode.swift; path = ViewModelTests.swift; sourceTree = "<group>"; };
		D3931B182AD414A200148AFE /* ColorTheme.swift */ = {isa = PBXFileReference; fileEncoding = 4; lastKnownFileType = sourcecode.swift; path = ColorTheme.swift; sourceTree = "<group>"; };
		D3931B192AD414A200148AFE /* Dimensions.swift */ = {isa = PBXFileReference; fileEncoding = 4; lastKnownFileType = sourcecode.swift; path = Dimensions.swift; sourceTree = "<group>"; };
		D3931B1A2AD414A200148AFE /* Fonts.swift */ = {isa = PBXFileReference; fileEncoding = 4; lastKnownFileType = sourcecode.swift; path = Fonts.swift; sourceTree = "<group>"; };
		D3931B1F2AD4186800148AFE /* ColorThemeManager.swift */ = {isa = PBXFileReference; lastKnownFileType = sourcecode.swift; path = ColorThemeManager.swift; sourceTree = "<group>"; };
		D3931B222AD41A5300148AFE /* Roboto-Light.ttf */ = {isa = PBXFileReference; lastKnownFileType = file; path = "Roboto-Light.ttf"; sourceTree = "<group>"; };
		D3931B232AD41A5300148AFE /* Roboto-LightItalic.ttf */ = {isa = PBXFileReference; lastKnownFileType = file; path = "Roboto-LightItalic.ttf"; sourceTree = "<group>"; };
		D3931B242AD41A5300148AFE /* Roboto-Regular.ttf */ = {isa = PBXFileReference; lastKnownFileType = file; path = "Roboto-Regular.ttf"; sourceTree = "<group>"; };
		D3931B252AD41A5300148AFE /* Roboto-ThinItalic.ttf */ = {isa = PBXFileReference; lastKnownFileType = file; path = "Roboto-ThinItalic.ttf"; sourceTree = "<group>"; };
		D3931B262AD41A5300148AFE /* Roboto-Bold.ttf */ = {isa = PBXFileReference; lastKnownFileType = file; path = "Roboto-Bold.ttf"; sourceTree = "<group>"; };
		D3931B272AD41A5300148AFE /* Roboto-Italic.ttf */ = {isa = PBXFileReference; lastKnownFileType = file; path = "Roboto-Italic.ttf"; sourceTree = "<group>"; };
		D3931B282AD41A5300148AFE /* Roboto-BlackItalic.ttf */ = {isa = PBXFileReference; lastKnownFileType = file; path = "Roboto-BlackItalic.ttf"; sourceTree = "<group>"; };
		D3931B292AD41A5300148AFE /* Roboto-Thin.ttf */ = {isa = PBXFileReference; lastKnownFileType = file; path = "Roboto-Thin.ttf"; sourceTree = "<group>"; };
		D3931B2A2AD41A5300148AFE /* Roboto-Black.ttf */ = {isa = PBXFileReference; lastKnownFileType = file; path = "Roboto-Black.ttf"; sourceTree = "<group>"; };
		D3931B2B2AD41A5300148AFE /* Roboto-Medium.ttf */ = {isa = PBXFileReference; lastKnownFileType = file; path = "Roboto-Medium.ttf"; sourceTree = "<group>"; };
		D3931B2C2AD41A5300148AFE /* Roboto-MediumItalic.ttf */ = {isa = PBXFileReference; lastKnownFileType = file; path = "Roboto-MediumItalic.ttf"; sourceTree = "<group>"; };
		D3931B2D2AD41A5300148AFE /* Roboto-BoldItalic.ttf */ = {isa = PBXFileReference; lastKnownFileType = file; path = "Roboto-BoldItalic.ttf"; sourceTree = "<group>"; };
		D3931B3A2AD41A8800148AFE /* LICENSE.txt */ = {isa = PBXFileReference; fileEncoding = 4; lastKnownFileType = text; path = LICENSE.txt; sourceTree = "<group>"; };
		D3931B3D2AD41E3700148AFE /* ColorThemeManagerTests.swift */ = {isa = PBXFileReference; lastKnownFileType = sourcecode.swift; path = ColorThemeManagerTests.swift; sourceTree = "<group>"; };
		D3931B3F2AD4246000148AFE /* ToggleManager.swift */ = {isa = PBXFileReference; lastKnownFileType = sourcecode.swift; path = ToggleManager.swift; sourceTree = "<group>"; };
		D3931B422AD43DE300148AFE /* FontsTests.swift */ = {isa = PBXFileReference; lastKnownFileType = sourcecode.swift; path = FontsTests.swift; sourceTree = "<group>"; };
		D3931B452AD574B700148AFE /* DisplayView.swift */ = {isa = PBXFileReference; lastKnownFileType = sourcecode.swift; path = DisplayView.swift; sourceTree = "<group>"; };
		D3931B472AD5B70400148AFE /* KeyboardView.swift */ = {isa = PBXFileReference; lastKnownFileType = sourcecode.swift; path = KeyboardView.swift; sourceTree = "<group>"; };
		D3931B492AD5B7A500148AFE /* DigitsView.swift */ = {isa = PBXFileReference; lastKnownFileType = sourcecode.swift; path = DigitsView.swift; sourceTree = "<group>"; };
		D3931B4C2AD6273500148AFE /* Orientation.swift */ = {isa = PBXFileReference; lastKnownFileType = sourcecode.swift; path = Orientation.swift; sourceTree = "<group>"; };
		D3954A2F2AD8327900C6B574 /* CalculatorModel.swift */ = {isa = PBXFileReference; lastKnownFileType = sourcecode.swift; path = CalculatorModel.swift; sourceTree = "<group>"; };
		D3954A352ADAFA9400C6B574 /* Keyboard.swift */ = {isa = PBXFileReference; lastKnownFileType = sourcecode.swift; path = Keyboard.swift; sourceTree = "<group>"; };
		D3954A372ADB5E4700C6B574 /* SettingsView.swift */ = {isa = PBXFileReference; lastKnownFileType = sourcecode.swift; path = SettingsView.swift; sourceTree = "<group>"; };
		D3DBB4602ADDEDF6003C1FE9 /* ApiClient.swift */ = {isa = PBXFileReference; lastKnownFileType = sourcecode.swift; path = ApiClient.swift; sourceTree = "<group>"; };
		D3DBB4632ADDF6F4003C1FE9 /* BitcoinViewModel.swift */ = {isa = PBXFileReference; lastKnownFileType = sourcecode.swift; path = BitcoinViewModel.swift; sourceTree = "<group>"; };
		D3DBB4652ADDF8EB003C1FE9 /* BitcoinView.swift */ = {isa = PBXFileReference; lastKnownFileType = sourcecode.swift; path = BitcoinView.swift; sourceTree = "<group>"; };
		D3E5EFEB2ACF74EA00FB2756 /* ios_calculator.app */ = {isa = PBXFileReference; explicitFileType = wrapper.application; includeInIndex = 0; path = ios_calculator.app; sourceTree = BUILT_PRODUCTS_DIR; };
		D3E5EFEE2ACF74EA00FB2756 /* ios_calculatorApp.swift */ = {isa = PBXFileReference; lastKnownFileType = sourcecode.swift; path = ios_calculatorApp.swift; sourceTree = "<group>"; };
		D3E5EFF22ACF74EB00FB2756 /* Assets.xcassets */ = {isa = PBXFileReference; lastKnownFileType = folder.assetcatalog; path = Assets.xcassets; sourceTree = "<group>"; };
		D3E5EFF42ACF74EB00FB2756 /* ios_calculator.entitlements */ = {isa = PBXFileReference; lastKnownFileType = text.plist.entitlements; path = ios_calculator.entitlements; sourceTree = "<group>"; };
		D3E5EFF62ACF74EB00FB2756 /* Preview Assets.xcassets */ = {isa = PBXFileReference; lastKnownFileType = folder.assetcatalog; path = "Preview Assets.xcassets"; sourceTree = "<group>"; };
		D3E5EFFC2ACF74EB00FB2756 /* ios_calculatorTests.xctest */ = {isa = PBXFileReference; explicitFileType = wrapper.cfbundle; includeInIndex = 0; path = ios_calculatorTests.xctest; sourceTree = BUILT_PRODUCTS_DIR; };
		D3E5F0002ACF74EB00FB2756 /* ios_calculatorTests.swift */ = {isa = PBXFileReference; lastKnownFileType = sourcecode.swift; path = ios_calculatorTests.swift; sourceTree = "<group>"; };
		D3E5F0062ACF74EB00FB2756 /* ios_calculatorUITests.xctest */ = {isa = PBXFileReference; explicitFileType = wrapper.cfbundle; includeInIndex = 0; path = ios_calculatorUITests.xctest; sourceTree = BUILT_PRODUCTS_DIR; };
		D3E5F00A2ACF74EB00FB2756 /* ios_calculatorUITests.swift */ = {isa = PBXFileReference; lastKnownFileType = sourcecode.swift; path = ios_calculatorUITests.swift; sourceTree = "<group>"; };
		D3E5F00C2ACF74EB00FB2756 /* ios_calculatorUITestsLaunchTests.swift */ = {isa = PBXFileReference; lastKnownFileType = sourcecode.swift; path = ios_calculatorUITestsLaunchTests.swift; sourceTree = "<group>"; };
		D3E5F01B2ACF809E00FB2756 /* CalculatorViewModel.swift */ = {isa = PBXFileReference; lastKnownFileType = sourcecode.swift; path = CalculatorViewModel.swift; sourceTree = "<group>"; };
		D3E5F01F2ACF856000FB2756 /* CalculatorView.swift */ = {isa = PBXFileReference; lastKnownFileType = sourcecode.swift; path = CalculatorView.swift; sourceTree = "<group>"; };
/* End PBXFileReference section */

/* Begin PBXFrameworksBuildPhase section */
		D3E5EFE82ACF74EA00FB2756 /* Frameworks */ = {
			isa = PBXFrameworksBuildPhase;
			buildActionMask = 2147483647;
			files = (
			);
			runOnlyForDeploymentPostprocessing = 0;
		};
		D3E5EFF92ACF74EB00FB2756 /* Frameworks */ = {
			isa = PBXFrameworksBuildPhase;
			buildActionMask = 2147483647;
			files = (
			);
			runOnlyForDeploymentPostprocessing = 0;
		};
		D3E5F0032ACF74EB00FB2756 /* Frameworks */ = {
			isa = PBXFrameworksBuildPhase;
			buildActionMask = 2147483647;
			files = (
			);
			runOnlyForDeploymentPostprocessing = 0;
		};
/* End PBXFrameworksBuildPhase section */

/* Begin PBXGroup section */
		D3931B172AD4147800148AFE /* DesignSystem */ = {
			isa = PBXGroup;
			children = (
				D3931B212AD41A3D00148AFE /* Fonts */,
				D3931B182AD414A200148AFE /* ColorTheme.swift */,
				D3931B1A2AD414A200148AFE /* Fonts.swift */,
				D3931B192AD414A200148AFE /* Dimensions.swift */,
			);
			path = DesignSystem;
			sourceTree = "<group>";
		};
		D3931B1E2AD4184000148AFE /* FeatureManagers */ = {
			isa = PBXGroup;
			children = (
				D3931B1F2AD4186800148AFE /* ColorThemeManager.swift */,
				D3931B3F2AD4246000148AFE /* ToggleManager.swift */,
			);
			path = FeatureManagers;
			sourceTree = "<group>";
		};
		D3931B212AD41A3D00148AFE /* Fonts */ = {
			isa = PBXGroup;
			children = (
				D3931B3A2AD41A8800148AFE /* LICENSE.txt */,
				D3931B2A2AD41A5300148AFE /* Roboto-Black.ttf */,
				D3931B282AD41A5300148AFE /* Roboto-BlackItalic.ttf */,
				D3931B262AD41A5300148AFE /* Roboto-Bold.ttf */,
				D3931B2D2AD41A5300148AFE /* Roboto-BoldItalic.ttf */,
				D3931B272AD41A5300148AFE /* Roboto-Italic.ttf */,
				D3931B222AD41A5300148AFE /* Roboto-Light.ttf */,
				D3931B232AD41A5300148AFE /* Roboto-LightItalic.ttf */,
				D3931B2B2AD41A5300148AFE /* Roboto-Medium.ttf */,
				D3931B2C2AD41A5300148AFE /* Roboto-MediumItalic.ttf */,
				D3931B242AD41A5300148AFE /* Roboto-Regular.ttf */,
				D3931B292AD41A5300148AFE /* Roboto-Thin.ttf */,
				D3931B252AD41A5300148AFE /* Roboto-ThinItalic.ttf */,
			);
			path = Fonts;
			sourceTree = "<group>";
		};
		D3931B3C2AD41DFC00148AFE /* FeatureTests */ = {
			isa = PBXGroup;
			children = (
				D3931B3D2AD41E3700148AFE /* ColorThemeManagerTests.swift */,
			);
			path = FeatureTests;
			sourceTree = "<group>";
		};
		D3931B412AD43DBD00148AFE /* UIComponentsTests */ = {
			isa = PBXGroup;
			children = (
				D3931B422AD43DE300148AFE /* FontsTests.swift */,
			);
			path = UIComponentsTests;
			sourceTree = "<group>";
		};
		D3931B442AD574A100148AFE /* Views */ = {
			isa = PBXGroup;
			children = (
				D3931B452AD574B700148AFE /* DisplayView.swift */,
				D3931B472AD5B70400148AFE /* KeyboardView.swift */,
				D3931B492AD5B7A500148AFE /* DigitsView.swift */,
				D3954A372ADB5E4700C6B574 /* SettingsView.swift */,
			);
			path = Views;
			sourceTree = "<group>";
		};
		D3931B4B2AD6271400148AFE /* Helpers */ = {
			isa = PBXGroup;
			children = (
				D3931B4C2AD6273500148AFE /* Orientation.swift */,
				D3954A352ADAFA9400C6B574 /* Keyboard.swift */,
			);
			path = Helpers;
			sourceTree = "<group>";
		};
		D3DBB45F2ADDEBE6003C1FE9 /* Networking */ = {
			isa = PBXGroup;
			children = (
				D3DBB4602ADDEDF6003C1FE9 /* ApiClient.swift */,
			);
			path = Networking;
			sourceTree = "<group>";
		};
		D3DBB4622ADDF6A0003C1FE9 /* BitcoinConversion */ = {
			isa = PBXGroup;
			children = (
				D3DBB4632ADDF6F4003C1FE9 /* BitcoinViewModel.swift */,
				D3DBB4652ADDF8EB003C1FE9 /* BitcoinView.swift */,
			);
			path = BitcoinConversion;
			sourceTree = "<group>";
		};
		D3E5EFE22ACF74EA00FB2756 = {
			isa = PBXGroup;
			children = (
				D3E5EFED2ACF74EA00FB2756 /* ios_calculator */,
				D3E5EFFF2ACF74EB00FB2756 /* ios_calculatorTests */,
				D3E5F0092ACF74EB00FB2756 /* ios_calculatorUITests */,
				D3E5EFEC2ACF74EA00FB2756 /* Products */,
			);
			sourceTree = "<group>";
		};
		D3E5EFEC2ACF74EA00FB2756 /* Products */ = {
			isa = PBXGroup;
			children = (
				D3E5EFEB2ACF74EA00FB2756 /* ios_calculator.app */,
				D3E5EFFC2ACF74EB00FB2756 /* ios_calculatorTests.xctest */,
				D3E5F0062ACF74EB00FB2756 /* ios_calculatorUITests.xctest */,
			);
			name = Products;
			sourceTree = "<group>";
		};
		D3E5EFED2ACF74EA00FB2756 /* ios_calculator */ = {
			isa = PBXGroup;
			children = (
				D3DBB4622ADDF6A0003C1FE9 /* BitcoinConversion */,
				D3DBB45F2ADDEBE6003C1FE9 /* Networking */,
				D3931B4B2AD6271400148AFE /* Helpers */,
				D3931B442AD574A100148AFE /* Views */,
				D3931B1E2AD4184000148AFE /* FeatureManagers */,
				D3931B172AD4147800148AFE /* DesignSystem */,
				D3E5EFEE2ACF74EA00FB2756 /* ios_calculatorApp.swift */,
				D3E5EFF22ACF74EB00FB2756 /* Assets.xcassets */,
				D3E5EFF42ACF74EB00FB2756 /* ios_calculator.entitlements */,
				D3E5EFF52ACF74EB00FB2756 /* Preview Content */,
				D3E5F01F2ACF856000FB2756 /* CalculatorView.swift */,
				D3E5F01B2ACF809E00FB2756 /* CalculatorViewModel.swift */,
				D3954A2F2AD8327900C6B574 /* CalculatorModel.swift */,
			);
			path = ios_calculator;
			sourceTree = "<group>";
		};
		D3E5EFF52ACF74EB00FB2756 /* Preview Content */ = {
			isa = PBXGroup;
			children = (
				D3E5EFF62ACF74EB00FB2756 /* Preview Assets.xcassets */,
			);
			path = "Preview Content";
			sourceTree = "<group>";
		};
		D3E5EFFF2ACF74EB00FB2756 /* ios_calculatorTests */ = {
			isa = PBXGroup;
			children = (
				D3931B412AD43DBD00148AFE /* UIComponentsTests */,
				D3931B3C2AD41DFC00148AFE /* FeatureTests */,
				D3E5F0002ACF74EB00FB2756 /* ios_calculatorTests.swift */,
				D3931B152AD32EFE00148AFE /* ViewModelTests.swift */,
			);
			path = ios_calculatorTests;
			sourceTree = "<group>";
		};
		D3E5F0092ACF74EB00FB2756 /* ios_calculatorUITests */ = {
			isa = PBXGroup;
			children = (
				D3E5F00A2ACF74EB00FB2756 /* ios_calculatorUITests.swift */,
				D3E5F00C2ACF74EB00FB2756 /* ios_calculatorUITestsLaunchTests.swift */,
			);
			path = ios_calculatorUITests;
			sourceTree = "<group>";
		};
/* End PBXGroup section */

/* Begin PBXNativeTarget section */
		D3E5EFEA2ACF74EA00FB2756 /* ios_calculator */ = {
			isa = PBXNativeTarget;
			buildConfigurationList = D3E5F0102ACF74EB00FB2756 /* Build configuration list for PBXNativeTarget "ios_calculator" */;
			buildPhases = (
				D3E5EFE72ACF74EA00FB2756 /* Sources */,
				D3E5EFE82ACF74EA00FB2756 /* Frameworks */,
				D3E5EFE92ACF74EA00FB2756 /* Resources */,
			);
			buildRules = (
			);
			dependencies = (
			);
			name = ios_calculator;
			productName = ios_calculator;
			productReference = D3E5EFEB2ACF74EA00FB2756 /* ios_calculator.app */;
			productType = "com.apple.product-type.application";
		};
		D3E5EFFB2ACF74EB00FB2756 /* ios_calculatorTests */ = {
			isa = PBXNativeTarget;
			buildConfigurationList = D3E5F0132ACF74EB00FB2756 /* Build configuration list for PBXNativeTarget "ios_calculatorTests" */;
			buildPhases = (
				D3E5EFF82ACF74EB00FB2756 /* Sources */,
				D3E5EFF92ACF74EB00FB2756 /* Frameworks */,
				D3E5EFFA2ACF74EB00FB2756 /* Resources */,
			);
			buildRules = (
			);
			dependencies = (
				D3E5EFFE2ACF74EB00FB2756 /* PBXTargetDependency */,
			);
			name = ios_calculatorTests;
			productName = ios_calculatorTests;
			productReference = D3E5EFFC2ACF74EB00FB2756 /* ios_calculatorTests.xctest */;
			productType = "com.apple.product-type.bundle.unit-test";
		};
		D3E5F0052ACF74EB00FB2756 /* ios_calculatorUITests */ = {
			isa = PBXNativeTarget;
			buildConfigurationList = D3E5F0162ACF74EB00FB2756 /* Build configuration list for PBXNativeTarget "ios_calculatorUITests" */;
			buildPhases = (
				D3E5F0022ACF74EB00FB2756 /* Sources */,
				D3E5F0032ACF74EB00FB2756 /* Frameworks */,
				D3E5F0042ACF74EB00FB2756 /* Resources */,
			);
			buildRules = (
			);
			dependencies = (
				D3E5F0082ACF74EB00FB2756 /* PBXTargetDependency */,
			);
			name = ios_calculatorUITests;
			productName = ios_calculatorUITests;
			productReference = D3E5F0062ACF74EB00FB2756 /* ios_calculatorUITests.xctest */;
			productType = "com.apple.product-type.bundle.ui-testing";
		};
/* End PBXNativeTarget section */

/* Begin PBXProject section */
		D3E5EFE32ACF74EA00FB2756 /* Project object */ = {
			isa = PBXProject;
			attributes = {
				BuildIndependentTargetsInParallel = 1;
				LastSwiftUpdateCheck = 1430;
				LastUpgradeCheck = 1430;
				TargetAttributes = {
					D3E5EFEA2ACF74EA00FB2756 = {
						CreatedOnToolsVersion = 14.3;
					};
					D3E5EFFB2ACF74EB00FB2756 = {
						CreatedOnToolsVersion = 14.3;
						TestTargetID = D3E5EFEA2ACF74EA00FB2756;
					};
					D3E5F0052ACF74EB00FB2756 = {
						CreatedOnToolsVersion = 14.3;
						TestTargetID = D3E5EFEA2ACF74EA00FB2756;
					};
				};
			};
			buildConfigurationList = D3E5EFE62ACF74EA00FB2756 /* Build configuration list for PBXProject "ios_calculator" */;
			compatibilityVersion = "Xcode 14.0";
			developmentRegion = en;
			hasScannedForEncodings = 0;
			knownRegions = (
				en,
				Base,
			);
			mainGroup = D3E5EFE22ACF74EA00FB2756;
			productRefGroup = D3E5EFEC2ACF74EA00FB2756 /* Products */;
			projectDirPath = "";
			projectRoot = "";
			targets = (
				D3E5EFEA2ACF74EA00FB2756 /* ios_calculator */,
				D3E5EFFB2ACF74EB00FB2756 /* ios_calculatorTests */,
				D3E5F0052ACF74EB00FB2756 /* ios_calculatorUITests */,
			);
		};
/* End PBXProject section */

/* Begin PBXResourcesBuildPhase section */
		D3E5EFE92ACF74EA00FB2756 /* Resources */ = {
			isa = PBXResourcesBuildPhase;
			buildActionMask = 2147483647;
			files = (
				D3931B322AD41A5300148AFE /* Roboto-Bold.ttf in Resources */,
				D3931B312AD41A5300148AFE /* Roboto-ThinItalic.ttf in Resources */,
				D3931B382AD41A5300148AFE /* Roboto-MediumItalic.ttf in Resources */,
				D3931B3B2AD41A8800148AFE /* LICENSE.txt in Resources */,
				D3E5EFF72ACF74EB00FB2756 /* Preview Assets.xcassets in Resources */,
				D3E5EFF32ACF74EB00FB2756 /* Assets.xcassets in Resources */,
				D3931B342AD41A5300148AFE /* Roboto-BlackItalic.ttf in Resources */,
				D3931B362AD41A5300148AFE /* Roboto-Black.ttf in Resources */,
				D3931B302AD41A5300148AFE /* Roboto-Regular.ttf in Resources */,
				D3931B332AD41A5300148AFE /* Roboto-Italic.ttf in Resources */,
				D3931B372AD41A5300148AFE /* Roboto-Medium.ttf in Resources */,
				D3931B2F2AD41A5300148AFE /* Roboto-LightItalic.ttf in Resources */,
				D3931B352AD41A5300148AFE /* Roboto-Thin.ttf in Resources */,
				D3931B392AD41A5300148AFE /* Roboto-BoldItalic.ttf in Resources */,
				D3931B2E2AD41A5300148AFE /* Roboto-Light.ttf in Resources */,
			);
			runOnlyForDeploymentPostprocessing = 0;
		};
		D3E5EFFA2ACF74EB00FB2756 /* Resources */ = {
			isa = PBXResourcesBuildPhase;
			buildActionMask = 2147483647;
			files = (
			);
			runOnlyForDeploymentPostprocessing = 0;
		};
		D3E5F0042ACF74EB00FB2756 /* Resources */ = {
			isa = PBXResourcesBuildPhase;
			buildActionMask = 2147483647;
			files = (
			);
			runOnlyForDeploymentPostprocessing = 0;
		};
/* End PBXResourcesBuildPhase section */

/* Begin PBXSourcesBuildPhase section */
		D3E5EFE72ACF74EA00FB2756 /* Sources */ = {
			isa = PBXSourcesBuildPhase;
			buildActionMask = 2147483647;
			files = (
				D3931B1D2AD414A200148AFE /* Fonts.swift in Sources */,
				D3E5EFEF2ACF74EA00FB2756 /* ios_calculatorApp.swift in Sources */,
				D3931B4A2AD5B7A500148AFE /* DigitsView.swift in Sources */,
				D3DBB4612ADDEDF6003C1FE9 /* ApiClient.swift in Sources */,
				D3954A362ADAFA9400C6B574 /* Keyboard.swift in Sources */,
				D3931B1C2AD414A200148AFE /* Dimensions.swift in Sources */,
				D3931B482AD5B70400148AFE /* KeyboardView.swift in Sources */,
				D3DBB4662ADDF8EB003C1FE9 /* BitcoinView.swift in Sources */,
				D3954A302AD8327900C6B574 /* CalculatorModel.swift in Sources */,
				D3E5F01C2ACF809E00FB2756 /* CalculatorViewModel.swift in Sources */,
				D3954A382ADB5E4700C6B574 /* SettingsView.swift in Sources */,
				D3E5F0202ACF856000FB2756 /* CalculatorView.swift in Sources */,
				D3931B1B2AD414A200148AFE /* ColorTheme.swift in Sources */,
				D3931B462AD574B700148AFE /* DisplayView.swift in Sources */,
				D3931B4D2AD6273500148AFE /* Orientation.swift in Sources */,
				D3931B402AD4246000148AFE /* ToggleManager.swift in Sources */,
				D3DBB4642ADDF6F4003C1FE9 /* BitcoinViewModel.swift in Sources */,
				D3931B202AD4186800148AFE /* ColorThemeManager.swift in Sources */,
			);
			runOnlyForDeploymentPostprocessing = 0;
		};
		D3E5EFF82ACF74EB00FB2756 /* Sources */ = {
			isa = PBXSourcesBuildPhase;
			buildActionMask = 2147483647;
			files = (
				D3931B432AD43DE300148AFE /* FontsTests.swift in Sources */,
				D3931B162AD32EFE00148AFE /* ViewModelTests.swift in Sources */,
				D3931B3E2AD41E3700148AFE /* ColorThemeManagerTests.swift in Sources */,
				D3E5F0012ACF74EB00FB2756 /* ios_calculatorTests.swift in Sources */,
			);
			runOnlyForDeploymentPostprocessing = 0;
		};
		D3E5F0022ACF74EB00FB2756 /* Sources */ = {
			isa = PBXSourcesBuildPhase;
			buildActionMask = 2147483647;
			files = (
				D3E5F00D2ACF74EB00FB2756 /* ios_calculatorUITestsLaunchTests.swift in Sources */,
				D3E5F00B2ACF74EB00FB2756 /* ios_calculatorUITests.swift in Sources */,
			);
			runOnlyForDeploymentPostprocessing = 0;
		};
/* End PBXSourcesBuildPhase section */

/* Begin PBXTargetDependency section */
		D3E5EFFE2ACF74EB00FB2756 /* PBXTargetDependency */ = {
			isa = PBXTargetDependency;
			target = D3E5EFEA2ACF74EA00FB2756 /* ios_calculator */;
			targetProxy = D3E5EFFD2ACF74EB00FB2756 /* PBXContainerItemProxy */;
		};
		D3E5F0082ACF74EB00FB2756 /* PBXTargetDependency */ = {
			isa = PBXTargetDependency;
			target = D3E5EFEA2ACF74EA00FB2756 /* ios_calculator */;
			targetProxy = D3E5F0072ACF74EB00FB2756 /* PBXContainerItemProxy */;
		};
/* End PBXTargetDependency section */

/* Begin XCBuildConfiguration section */
		D3E5F00E2ACF74EB00FB2756 /* Debug */ = {
			isa = XCBuildConfiguration;
			buildSettings = {
				ALWAYS_SEARCH_USER_PATHS = NO;
				CLANG_ANALYZER_NONNULL = YES;
				CLANG_ANALYZER_NUMBER_OBJECT_CONVERSION = YES_AGGRESSIVE;
				CLANG_CXX_LANGUAGE_STANDARD = "gnu++20";
				CLANG_ENABLE_MODULES = YES;
				CLANG_ENABLE_OBJC_ARC = YES;
				CLANG_ENABLE_OBJC_WEAK = YES;
				CLANG_WARN_BLOCK_CAPTURE_AUTORELEASING = YES;
				CLANG_WARN_BOOL_CONVERSION = YES;
				CLANG_WARN_COMMA = YES;
				CLANG_WARN_CONSTANT_CONVERSION = YES;
				CLANG_WARN_DEPRECATED_OBJC_IMPLEMENTATIONS = YES;
				CLANG_WARN_DIRECT_OBJC_ISA_USAGE = YES_ERROR;
				CLANG_WARN_DOCUMENTATION_COMMENTS = YES;
				CLANG_WARN_EMPTY_BODY = YES;
				CLANG_WARN_ENUM_CONVERSION = YES;
				CLANG_WARN_INFINITE_RECURSION = YES;
				CLANG_WARN_INT_CONVERSION = YES;
				CLANG_WARN_NON_LITERAL_NULL_CONVERSION = YES;
				CLANG_WARN_OBJC_IMPLICIT_RETAIN_SELF = YES;
				CLANG_WARN_OBJC_LITERAL_CONVERSION = YES;
				CLANG_WARN_OBJC_ROOT_CLASS = YES_ERROR;
				CLANG_WARN_QUOTED_INCLUDE_IN_FRAMEWORK_HEADER = YES;
				CLANG_WARN_RANGE_LOOP_ANALYSIS = YES;
				CLANG_WARN_STRICT_PROTOTYPES = YES;
				CLANG_WARN_SUSPICIOUS_MOVE = YES;
				CLANG_WARN_UNGUARDED_AVAILABILITY = YES_AGGRESSIVE;
				CLANG_WARN_UNREACHABLE_CODE = YES;
				CLANG_WARN__DUPLICATE_METHOD_MATCH = YES;
				COPY_PHASE_STRIP = NO;
				DEBUG_INFORMATION_FORMAT = dwarf;
				ENABLE_STRICT_OBJC_MSGSEND = YES;
				ENABLE_TESTABILITY = YES;
				GCC_C_LANGUAGE_STANDARD = gnu11;
				GCC_DYNAMIC_NO_PIC = NO;
				GCC_NO_COMMON_BLOCKS = YES;
				GCC_OPTIMIZATION_LEVEL = 0;
				GCC_PREPROCESSOR_DEFINITIONS = (
					"DEBUG=1",
					"$(inherited)",
				);
				GCC_WARN_64_TO_32_BIT_CONVERSION = YES;
				GCC_WARN_ABOUT_RETURN_TYPE = YES_ERROR;
				GCC_WARN_UNDECLARED_SELECTOR = YES;
				GCC_WARN_UNINITIALIZED_AUTOS = YES_AGGRESSIVE;
				GCC_WARN_UNUSED_FUNCTION = YES;
				GCC_WARN_UNUSED_VARIABLE = YES;
				MTL_ENABLE_DEBUG_INFO = INCLUDE_SOURCE;
				MTL_FAST_MATH = YES;
				ONLY_ACTIVE_ARCH = YES;
				SWIFT_ACTIVE_COMPILATION_CONDITIONS = DEBUG;
				SWIFT_OPTIMIZATION_LEVEL = "-Onone";
			};
			name = Debug;
		};
		D3E5F00F2ACF74EB00FB2756 /* Release */ = {
			isa = XCBuildConfiguration;
			buildSettings = {
				ALWAYS_SEARCH_USER_PATHS = NO;
				CLANG_ANALYZER_NONNULL = YES;
				CLANG_ANALYZER_NUMBER_OBJECT_CONVERSION = YES_AGGRESSIVE;
				CLANG_CXX_LANGUAGE_STANDARD = "gnu++20";
				CLANG_ENABLE_MODULES = YES;
				CLANG_ENABLE_OBJC_ARC = YES;
				CLANG_ENABLE_OBJC_WEAK = YES;
				CLANG_WARN_BLOCK_CAPTURE_AUTORELEASING = YES;
				CLANG_WARN_BOOL_CONVERSION = YES;
				CLANG_WARN_COMMA = YES;
				CLANG_WARN_CONSTANT_CONVERSION = YES;
				CLANG_WARN_DEPRECATED_OBJC_IMPLEMENTATIONS = YES;
				CLANG_WARN_DIRECT_OBJC_ISA_USAGE = YES_ERROR;
				CLANG_WARN_DOCUMENTATION_COMMENTS = YES;
				CLANG_WARN_EMPTY_BODY = YES;
				CLANG_WARN_ENUM_CONVERSION = YES;
				CLANG_WARN_INFINITE_RECURSION = YES;
				CLANG_WARN_INT_CONVERSION = YES;
				CLANG_WARN_NON_LITERAL_NULL_CONVERSION = YES;
				CLANG_WARN_OBJC_IMPLICIT_RETAIN_SELF = YES;
				CLANG_WARN_OBJC_LITERAL_CONVERSION = YES;
				CLANG_WARN_OBJC_ROOT_CLASS = YES_ERROR;
				CLANG_WARN_QUOTED_INCLUDE_IN_FRAMEWORK_HEADER = YES;
				CLANG_WARN_RANGE_LOOP_ANALYSIS = YES;
				CLANG_WARN_STRICT_PROTOTYPES = YES;
				CLANG_WARN_SUSPICIOUS_MOVE = YES;
				CLANG_WARN_UNGUARDED_AVAILABILITY = YES_AGGRESSIVE;
				CLANG_WARN_UNREACHABLE_CODE = YES;
				CLANG_WARN__DUPLICATE_METHOD_MATCH = YES;
				COPY_PHASE_STRIP = NO;
				DEBUG_INFORMATION_FORMAT = "dwarf-with-dsym";
				ENABLE_NS_ASSERTIONS = NO;
				ENABLE_STRICT_OBJC_MSGSEND = YES;
				GCC_C_LANGUAGE_STANDARD = gnu11;
				GCC_NO_COMMON_BLOCKS = YES;
				GCC_WARN_64_TO_32_BIT_CONVERSION = YES;
				GCC_WARN_ABOUT_RETURN_TYPE = YES_ERROR;
				GCC_WARN_UNDECLARED_SELECTOR = YES;
				GCC_WARN_UNINITIALIZED_AUTOS = YES_AGGRESSIVE;
				GCC_WARN_UNUSED_FUNCTION = YES;
				GCC_WARN_UNUSED_VARIABLE = YES;
				MTL_ENABLE_DEBUG_INFO = NO;
				MTL_FAST_MATH = YES;
				SWIFT_COMPILATION_MODE = wholemodule;
				SWIFT_OPTIMIZATION_LEVEL = "-O";
			};
			name = Release;
		};
		D3E5F0112ACF74EB00FB2756 /* Debug */ = {
			isa = XCBuildConfiguration;
			buildSettings = {
				ASSETCATALOG_COMPILER_APPICON_NAME = AppIcon;
				ASSETCATALOG_COMPILER_GLOBAL_ACCENT_COLOR_NAME = AccentColor;
				CODE_SIGN_ENTITLEMENTS = ios_calculator/ios_calculator.entitlements;
				CODE_SIGN_STYLE = Automatic;
				CURRENT_PROJECT_VERSION = 1;
				DEVELOPMENT_ASSET_PATHS = "\"ios_calculator/Preview Content\"";
				DEVELOPMENT_TEAM = BA49Y2UZ8Y;
				ENABLE_HARDENED_RUNTIME = YES;
				ENABLE_PREVIEWS = YES;
				GENERATE_INFOPLIST_FILE = YES;
				INFOPLIST_KEY_CFBundleDisplayName = CalcuLEOtor;
				INFOPLIST_KEY_LSApplicationCategoryType = "public.app-category.finance";
				"INFOPLIST_KEY_UIApplicationSceneManifest_Generation[sdk=iphoneos*]" = YES;
				"INFOPLIST_KEY_UIApplicationSceneManifest_Generation[sdk=iphonesimulator*]" = YES;
				"INFOPLIST_KEY_UIApplicationSupportsIndirectInputEvents[sdk=iphoneos*]" = YES;
				"INFOPLIST_KEY_UIApplicationSupportsIndirectInputEvents[sdk=iphonesimulator*]" = YES;
				"INFOPLIST_KEY_UILaunchScreen_Generation[sdk=iphoneos*]" = YES;
				"INFOPLIST_KEY_UILaunchScreen_Generation[sdk=iphonesimulator*]" = YES;
				INFOPLIST_KEY_UIStatusBarStyle = "";
				"INFOPLIST_KEY_UIStatusBarStyle[sdk=iphoneos*]" = UIStatusBarStyleDefault;
				"INFOPLIST_KEY_UIStatusBarStyle[sdk=iphonesimulator*]" = UIStatusBarStyleDefault;
				INFOPLIST_KEY_UISupportedInterfaceOrientations = "UIInterfaceOrientationLandscapeLeft UIInterfaceOrientationLandscapeRight UIInterfaceOrientationPortrait";
				IPHONEOS_DEPLOYMENT_TARGET = 15.0;
				LD_RUNPATH_SEARCH_PATHS = "@executable_path/Frameworks";
				"LD_RUNPATH_SEARCH_PATHS[sdk=macosx*]" = "@executable_path/../Frameworks";
				MACOSX_DEPLOYMENT_TARGET = 13.3;
				MARKETING_VERSION = 1.0;
				PRODUCT_BUNDLE_IDENTIFIER = "com.hasstenteufel.ios-calculator";
				PRODUCT_NAME = "$(TARGET_NAME)";
				SDKROOT = auto;
				SUPPORTED_PLATFORMS = "iphoneos iphonesimulator";
				SUPPORTS_MACCATALYST = NO;
				SUPPORTS_MAC_DESIGNED_FOR_IPHONE_IPAD = NO;
				SWIFT_EMIT_LOC_STRINGS = YES;
				SWIFT_VERSION = 5.0;
				TARGETED_DEVICE_FAMILY = "1,2";
			};
			name = Debug;
		};
		D3E5F0122ACF74EB00FB2756 /* Release */ = {
			isa = XCBuildConfiguration;
			buildSettings = {
				ASSETCATALOG_COMPILER_APPICON_NAME = AppIcon;
				ASSETCATALOG_COMPILER_GLOBAL_ACCENT_COLOR_NAME = AccentColor;
				CODE_SIGN_ENTITLEMENTS = ios_calculator/ios_calculator.entitlements;
				CODE_SIGN_STYLE = Automatic;
				CURRENT_PROJECT_VERSION = 1;
				DEVELOPMENT_ASSET_PATHS = "\"ios_calculator/Preview Content\"";
				DEVELOPMENT_TEAM = BA49Y2UZ8Y;
				ENABLE_HARDENED_RUNTIME = YES;
				ENABLE_PREVIEWS = YES;
				GENERATE_INFOPLIST_FILE = YES;
				INFOPLIST_KEY_CFBundleDisplayName = CalcuLEOtor;
				INFOPLIST_KEY_LSApplicationCategoryType = "public.app-category.finance";
				"INFOPLIST_KEY_UIApplicationSceneManifest_Generation[sdk=iphoneos*]" = YES;
				"INFOPLIST_KEY_UIApplicationSceneManifest_Generation[sdk=iphonesimulator*]" = YES;
				"INFOPLIST_KEY_UIApplicationSupportsIndirectInputEvents[sdk=iphoneos*]" = YES;
				"INFOPLIST_KEY_UIApplicationSupportsIndirectInputEvents[sdk=iphonesimulator*]" = YES;
				"INFOPLIST_KEY_UILaunchScreen_Generation[sdk=iphoneos*]" = YES;
				"INFOPLIST_KEY_UILaunchScreen_Generation[sdk=iphonesimulator*]" = YES;
				INFOPLIST_KEY_UIStatusBarStyle = "";
				"INFOPLIST_KEY_UIStatusBarStyle[sdk=iphoneos*]" = UIStatusBarStyleDefault;
				"INFOPLIST_KEY_UIStatusBarStyle[sdk=iphonesimulator*]" = UIStatusBarStyleDefault;
				INFOPLIST_KEY_UISupportedInterfaceOrientations = "UIInterfaceOrientationLandscapeLeft UIInterfaceOrientationLandscapeRight UIInterfaceOrientationPortrait";
				IPHONEOS_DEPLOYMENT_TARGET = 15.0;
				LD_RUNPATH_SEARCH_PATHS = "@executable_path/Frameworks";
				"LD_RUNPATH_SEARCH_PATHS[sdk=macosx*]" = "@executable_path/../Frameworks";
				MACOSX_DEPLOYMENT_TARGET = 13.3;
				MARKETING_VERSION = 1.0;
				PRODUCT_BUNDLE_IDENTIFIER = "com.hasstenteufel.ios-calculator";
				PRODUCT_NAME = "$(TARGET_NAME)";
				SDKROOT = auto;
				SUPPORTED_PLATFORMS = "iphoneos iphonesimulator";
				SUPPORTS_MACCATALYST = NO;
				SUPPORTS_MAC_DESIGNED_FOR_IPHONE_IPAD = NO;
				SWIFT_EMIT_LOC_STRINGS = YES;
				SWIFT_VERSION = 5.0;
				TARGETED_DEVICE_FAMILY = "1,2";
			};
			name = Release;
		};
		D3E5F0142ACF74EB00FB2756 /* Debug */ = {
			isa = XCBuildConfiguration;
			buildSettings = {
				ALWAYS_EMBED_SWIFT_STANDARD_LIBRARIES = YES;
				BUNDLE_LOADER = "$(TEST_HOST)";
				CODE_SIGN_STYLE = Automatic;
				CURRENT_PROJECT_VERSION = 1;
				DEVELOPMENT_TEAM = BA49Y2UZ8Y;
				GENERATE_INFOPLIST_FILE = YES;
				IPHONEOS_DEPLOYMENT_TARGET = 16.4;
				MACOSX_DEPLOYMENT_TARGET = 13.3;
				MARKETING_VERSION = 1.0;
				PRODUCT_BUNDLE_IDENTIFIER = "com.hasstenteufel.ios-calculatorTests";
				PRODUCT_NAME = "$(TARGET_NAME)";
				SDKROOT = auto;
				SUPPORTED_PLATFORMS = "iphoneos iphonesimulator macosx";
				SWIFT_EMIT_LOC_STRINGS = NO;
				SWIFT_VERSION = 5.0;
				TARGETED_DEVICE_FAMILY = "1,2";
				TEST_HOST = "$(BUILT_PRODUCTS_DIR)/ios_calculator.app/$(BUNDLE_EXECUTABLE_FOLDER_PATH)/ios_calculator";
			};
			name = Debug;
		};
		D3E5F0152ACF74EB00FB2756 /* Release */ = {
			isa = XCBuildConfiguration;
			buildSettings = {
				ALWAYS_EMBED_SWIFT_STANDARD_LIBRARIES = YES;
				BUNDLE_LOADER = "$(TEST_HOST)";
				CODE_SIGN_STYLE = Automatic;
				CURRENT_PROJECT_VERSION = 1;
				DEVELOPMENT_TEAM = BA49Y2UZ8Y;
				GENERATE_INFOPLIST_FILE = YES;
				IPHONEOS_DEPLOYMENT_TARGET = 16.4;
				MACOSX_DEPLOYMENT_TARGET = 13.3;
				MARKETING_VERSION = 1.0;
				PRODUCT_BUNDLE_IDENTIFIER = "com.hasstenteufel.ios-calculatorTests";
				PRODUCT_NAME = "$(TARGET_NAME)";
				SDKROOT = auto;
				SUPPORTED_PLATFORMS = "iphoneos iphonesimulator macosx";
				SWIFT_EMIT_LOC_STRINGS = NO;
				SWIFT_VERSION = 5.0;
				TARGETED_DEVICE_FAMILY = "1,2";
				TEST_HOST = "$(BUILT_PRODUCTS_DIR)/ios_calculator.app/$(BUNDLE_EXECUTABLE_FOLDER_PATH)/ios_calculator";
			};
			name = Release;
		};
		D3E5F0172ACF74EB00FB2756 /* Debug */ = {
			isa = XCBuildConfiguration;
			buildSettings = {
				ALWAYS_EMBED_SWIFT_STANDARD_LIBRARIES = YES;
				CODE_SIGN_STYLE = Automatic;
				CURRENT_PROJECT_VERSION = 1;
				DEVELOPMENT_TEAM = BA49Y2UZ8Y;
				GENERATE_INFOPLIST_FILE = YES;
				IPHONEOS_DEPLOYMENT_TARGET = 16.4;
				MACOSX_DEPLOYMENT_TARGET = 13.3;
				MARKETING_VERSION = 1.0;
				PRODUCT_BUNDLE_IDENTIFIER = "com.hasstenteufel.ios-calculatorUITests";
				PRODUCT_NAME = "$(TARGET_NAME)";
				SDKROOT = auto;
				SUPPORTED_PLATFORMS = "iphoneos iphonesimulator macosx";
				SWIFT_EMIT_LOC_STRINGS = NO;
				SWIFT_VERSION = 5.0;
				TARGETED_DEVICE_FAMILY = "1,2";
				TEST_TARGET_NAME = ios_calculator;
			};
			name = Debug;
		};
		D3E5F0182ACF74EB00FB2756 /* Release */ = {
			isa = XCBuildConfiguration;
			buildSettings = {
				ALWAYS_EMBED_SWIFT_STANDARD_LIBRARIES = YES;
				CODE_SIGN_STYLE = Automatic;
				CURRENT_PROJECT_VERSION = 1;
				DEVELOPMENT_TEAM = BA49Y2UZ8Y;
				GENERATE_INFOPLIST_FILE = YES;
				IPHONEOS_DEPLOYMENT_TARGET = 16.4;
				MACOSX_DEPLOYMENT_TARGET = 13.3;
				MARKETING_VERSION = 1.0;
				PRODUCT_BUNDLE_IDENTIFIER = "com.hasstenteufel.ios-calculatorUITests";
				PRODUCT_NAME = "$(TARGET_NAME)";
				SDKROOT = auto;
				SUPPORTED_PLATFORMS = "iphoneos iphonesimulator macosx";
				SWIFT_EMIT_LOC_STRINGS = NO;
				SWIFT_VERSION = 5.0;
				TARGETED_DEVICE_FAMILY = "1,2";
				TEST_TARGET_NAME = ios_calculator;
			};
			name = Release;
		};
/* End XCBuildConfiguration section */

/* Begin XCConfigurationList section */
		D3E5EFE62ACF74EA00FB2756 /* Build configuration list for PBXProject "ios_calculator" */ = {
			isa = XCConfigurationList;
			buildConfigurations = (
				D3E5F00E2ACF74EB00FB2756 /* Debug */,
				D3E5F00F2ACF74EB00FB2756 /* Release */,
			);
			defaultConfigurationIsVisible = 0;
			defaultConfigurationName = Release;
		};
		D3E5F0102ACF74EB00FB2756 /* Build configuration list for PBXNativeTarget "ios_calculator" */ = {
			isa = XCConfigurationList;
			buildConfigurations = (
				D3E5F0112ACF74EB00FB2756 /* Debug */,
				D3E5F0122ACF74EB00FB2756 /* Release */,
			);
			defaultConfigurationIsVisible = 0;
			defaultConfigurationName = Release;
		};
		D3E5F0132ACF74EB00FB2756 /* Build configuration list for PBXNativeTarget "ios_calculatorTests" */ = {
			isa = XCConfigurationList;
			buildConfigurations = (
				D3E5F0142ACF74EB00FB2756 /* Debug */,
				D3E5F0152ACF74EB00FB2756 /* Release */,
			);
			defaultConfigurationIsVisible = 0;
			defaultConfigurationName = Release;
		};
		D3E5F0162ACF74EB00FB2756 /* Build configuration list for PBXNativeTarget "ios_calculatorUITests" */ = {
			isa = XCConfigurationList;
			buildConfigurations = (
				D3E5F0172ACF74EB00FB2756 /* Debug */,
				D3E5F0182ACF74EB00FB2756 /* Release */,
			);
			defaultConfigurationIsVisible = 0;
			defaultConfigurationName = Release;
		};
/* End XCConfigurationList section */
	};
	rootObject = D3E5EFE32ACF74EA00FB2756 /* Project object */;
}
